{
  "name": "beth-copilot",
  "version": "1.0.2",
  "lockfileVersion": 3,
  "requires": true,
  "packages": {
    "": {
      "name": "beth-copilot",
      "version": "1.0.2",
      "license": "MIT",
      "bin": {
        "beth": "bin/cli.js"
      },
      "engines": {
        "node": ">=18"
      }
    }
  }
}
